
Microsoft Visual Studio Solution File, Format Version 12.00
# Visual Studio Version 17
VisualStudioVersion = 17.14.36603.0 d17.14
MinimumVisualStudioVersion = 10.0.40219.1
Project("{FAE04EC0-301F-11D3-BF4B-00C04F79EFBC}") = "ProvaTecnica", "ProvaTecnica.csproj", "{CFD3FF6F-6BB2-4292-BABA-9B4FEED00905}"
EndProject
Global
	GlobalSection(SolutionConfigurationPlatforms) = preSolution
		Debug|Any CPU = Debug|Any CPU
		Release|Any CPU = Release|Any CPU
	EndGlobalSection
	GlobalSection(ProjectConfigurationPlatforms) = postSolution
		{CFD3FF6F-6BB2-4292-BABA-9B4FEED00905}.Debug|Any CPU.ActiveCfg = Debug|Any CPU
		{CFD3FF6F-6BB2-4292-BABA-9B4FEED00905}.Debug|Any CPU.Build.0 = Debug|Any CPU
		{CFD3FF6F-6BB2-4292-BABA-9B4FEED00905}.Release|Any CPU.ActiveCfg = Release|Any CPU
		{CFD3FF6F-6BB2-4292-BABA-9B4FEED00905}.Release|Any CPU.Build.0 = Release|Any CPU
	EndGlobalSection
	GlobalSection(SolutionProperties) = preSolution
		HideSolutionNode = FALSE
	EndGlobalSection
	GlobalSection(ExtensibilityGlobals) = postSolution
		SolutionGuid = {EDAA0773-F0C7-4DAA-8E32-3FF7B1B2B48C}
	EndGlobalSection
EndGlobal
